PODS:
  - AmazonIVSBroadcast/Stages (1.33.0)
  - AmazonIVSChat (1.0.1):
    - AmazonIVSChat/Messaging (= 1.0.1)
  - AmazonIVSChat/Messaging (1.0.1)

DEPENDENCIES:
  - AmazonIVSBroadcast/Stages (~> 1.33.0)
  - AmazonIVSChat (~> 1.0.1)

SPEC REPOS:
  trunk:
    - AmazonIVSBroadcast
    - AmazonIVSChat

SPEC CHECKSUMS:
  AmazonIVSBroadcast: 89198fe42191e553ea12acdc301acb0358d08856
  AmazonIVSChat: 874f0a77644117c9be1f6a09170ac72e9cbfdaca

PODFILE CHECKSUM: 33f45701a635e97f79038cf5022217a7591ddf3e

COCOAPODS: 1.16.2
